// !$*UTF8*$!
{
	archiveVersion = 1;
	classes = {
	};
	objectVersion = 50;
	objects = {

/* Begin PBXBuildFile section */
		A1B7978D216D5519009A460F /* AppDelegate.swift in Sources */ = {isa = PBXBuildFile; fileRef = A1B7978C216D5519009A460F /* AppDelegate.swift */; };
		A1B7978F216D5519009A460F /* ViewController.swift in Sources */ = {isa = PBXBuildFile; fileRef = A1B7978E216D5519009A460F /* ViewController.swift */; };
		A1B79792216D5519009A460F /* Main.storyboard in Resources */ = {isa = PBXBuildFile; fileRef = A1B79790216D5519009A460F /* Main.storyboard */; };
		A1B79794216D551B009A460F /* Assets.xcassets in Resources */ = {isa = PBXBuildFile; fileRef = A1B79793216D551B009A460F /* Assets.xcassets */; };
		A1B79797216D551B009A460F /* LaunchScreen.storyboard in Resources */ = {isa = PBXBuildFile; fileRef = A1B79795216D551B009A460F /* LaunchScreen.storyboard */; };
		A1B797A2216D551C009A460F /* AroundTheMoonTests.swift in Sources */ = {isa = PBXBuildFile; fileRef = A1B797A1216D551C009A460F /* AroundTheMoonTests.swift */; };
		A1B797AD216D551C009A460F /* AroundTheMoonUITests.swift in Sources */ = {isa = PBXBuildFile; fileRef = A1B797AC216D551C009A460F /* AroundTheMoonUITests.swift */; };
		A1B797BB216D5FA9009A460F /* TableViewController.swift in Sources */ = {isa = PBXBuildFile; fileRef = A1B797BA216D5FA9009A460F /* TableViewController.swift */; };
/* End PBXBuildFile section */

/* Begin PBXContainerItemProxy section */
		A1B7979E216D551C009A460F /* PBXContainerItemProxy */ = {
			isa = PBXContainerItemProxy;
			containerPortal = A1B79781216D5519009A460F /* Project object */;
			proxyType = 1;
			remoteGlobalIDString = A1B79788216D5519009A460F;
			remoteInfo = AroundTheMoon;
		};
		A1B797A9216D551C009A460F /* PBXContainerItemProxy */ = {
			isa = PBXContainerItemProxy;
			containerPortal = A1B79781216D5519009A460F /* Project object */;
			proxyType = 1;
			remoteGlobalIDString = A1B79788216D5519009A460F;
			remoteInfo = AroundTheMoon;
		};
/* End PBXContainerItemProxy section */

/* Begin PBXFileReference section */
		A1B79789216D5519009A460F /* AroundTheMoon.app */ = {isa = PBXFileReference; explicitFileType = wrapper.application; includeInIndex = 0; path = AroundTheMoon.app; sourceTree = BUILT_PRODUCTS_DIR; };
		A1B7978C216D5519009A460F /* AppDelegate.swift */ = {isa = PBXFileReference; lastKnownFileType = sourcecode.swift; path = AppDelegate.swift; sourceTree = "<group>"; };
		A1B7978E216D5519009A460F /* ViewController.swift */ = {isa = PBXFileReference; lastKnownFileType = sourcecode.swift; path = ViewController.swift; sourceTree = "<group>"; };
		A1B79791216D5519009A460F /* Base */ = {isa = PBXFileReference; lastKnownFileType = file.storyboard; name = Base; path = Base.lproj/Main.storyboard; sourceTree = "<group>"; };
		A1B79793216D551B009A460F /* Assets.xcassets */ = {isa = PBXFileReference; lastKnownFileType = folder.assetcatalog; path = Assets.xcassets; sourceTree = "<group>"; };
		A1B79796216D551B009A460F /* Base */ = {isa = PBXFileReference; lastKnownFileType = file.storyboard; name = Base; path = Base.lproj/LaunchScreen.storyboard; sourceTree = "<group>"; };
		A1B79798216D551B009A460F /* Info.plist */ = {isa = PBXFileReference; lastKnownFileType = text.plist.xml; path = Info.plist; sourceTree = "<group>"; };
		A1B7979D216D551C009A460F /* AroundTheMoonTests.xctest */ = {isa = PBXFileReference; explicitFileType = wrapper.cfbundle; includeInIndex = 0; path = AroundTheMoonTests.xctest; sourceTree = BUILT_PRODUCTS_DIR; };
		A1B797A1216D551C009A460F /* AroundTheMoonTests.swift */ = {isa = PBXFileReference; lastKnownFileType = sourcecode.swift; path = AroundTheMoonTests.swift; sourceTree = "<group>"; };
		A1B797A3216D551C009A460F /* Info.plist */ = {isa = PBXFileReference; lastKnownFileType = text.plist.xml; path = Info.plist; sourceTree = "<group>"; };
		A1B797A8216D551C009A460F /* AroundTheMoonUITests.xctest */ = {isa = PBXFileReference; explicitFileType = wrapper.cfbundle; includeInIndex = 0; path = AroundTheMoonUITests.xctest; sourceTree = BUILT_PRODUCTS_DIR; };
		A1B797AC216D551C009A460F /* AroundTheMoonUITests.swift */ = {isa = PBXFileReference; lastKnownFileType = sourcecode.swift; path = AroundTheMoonUITests.swift; sourceTree = "<group>"; };
		A1B797AE216D551C009A460F /* Info.plist */ = {isa = PBXFileReference; lastKnownFileType = text.plist.xml; path = Info.plist; sourceTree = "<group>"; };
		A1B797BA216D5FA9009A460F /* TableViewController.swift */ = {isa = PBXFileReference; lastKnownFileType = sourcecode.swift; path = TableViewController.swift; sourceTree = "<group>"; };
/* End PBXFileReference section */

/* Begin PBXFrameworksBuildPhase section */
		A1B79786216D5519009A460F /* Frameworks */ = {
			isa = PBXFrameworksBuildPhase;
			buildActionMask = 2147483647;
			files = (
			);
			runOnlyForDeploymentPostprocessing = 0;
		};
		A1B7979A216D551C009A460F /* Frameworks */ = {
			isa = PBXFrameworksBuildPhase;
			buildActionMask = 2147483647;
			files = (
			);
			runOnlyForDeploymentPostprocessing = 0;
		};
		A1B797A5216D551C009A460F /* Frameworks */ = {
			isa = PBXFrameworksBuildPhase;
			buildActionMask = 2147483647;
			files = (
			);
			runOnlyForDeploymentPostprocessing = 0;
		};
/* End PBXFrameworksBuildPhase section */

/* Begin PBXGroup section */
		A1B79780216D5519009A460F = {
			isa = PBXGroup;
			children = (
				A1B7978B216D5519009A460F /* AroundTheMoon */,
				A1B797A0216D551C009A460F /* AroundTheMoonTests */,
				A1B797AB216D551C009A460F /* AroundTheMoonUITests */,
				A1B7978A216D5519009A460F /* Products */,
			);
			sourceTree = "<group>";
		};
		A1B7978A216D5519009A460F /* Products */ = {
			isa = PBXGroup;
			children = (
				A1B79789216D5519009A460F /* AroundTheMoon.app */,
				A1B7979D216D551C009A460F /* AroundTheMoonTests.xctest */,
				A1B797A8216D551C009A460F /* AroundTheMoonUITests.xctest */,
			);
			name = Products;
			sourceTree = "<group>";
		};
		A1B7978B216D5519009A460F /* AroundTheMoon */ = {
			isa = PBXGroup;
			children = (
				A1B7978C216D5519009A460F /* AppDelegate.swift */,
				A1B7978E216D5519009A460F /* ViewController.swift */,
				A1B79790216D5519009A460F /* Main.storyboard */,
				A1B797BA216D5FA9009A460F /* TableViewController.swift */,
				A1B79793216D551B009A460F /* Assets.xcassets */,
				A1B79795216D551B009A460F /* LaunchScreen.storyboard */,
				A1B79798216D551B009A460F /* Info.plist */,
			);
			path = AroundTheMoon;
			sourceTree = "<group>";
		};
		A1B797A0216D551C009A460F /* AroundTheMoonTests */ = {
			isa = PBXGroup;
			children = (
				A1B797A1216D551C009A460F /* AroundTheMoonTests.swift */,
				A1B797A3216D551C009A460F /* Info.plist */,
			);
			path = AroundTheMoonTests;
			sourceTree = "<group>";
		};
		A1B797AB216D551C009A460F /* AroundTheMoonUITests */ = {
			isa = PBXGroup;
			children = (
				A1B797AC216D551C009A460F /* AroundTheMoonUITests.swift */,
				A1B797AE216D551C009A460F /* Info.plist */,
			);
			path = AroundTheMoonUITests;
			sourceTree = "<group>";
		};
/* End PBXGroup section */

/* Begin PBXNativeTarget section */
		A1B79788216D5519009A460F /* AroundTheMoon */ = {
			isa = PBXNativeTarget;
			buildConfigurationList = A1B797B1216D551C009A460F /* Build configuration list for PBXNativeTarget "AroundTheMoon" */;
			buildPhases = (
				A1B79785216D5519009A460F /* Sources */,
				A1B79786216D5519009A460F /* Frameworks */,
				A1B79787216D5519009A460F /* Resources */,
			);
			buildRules = (
			);
			dependencies = (
			);
			name = AroundTheMoon;
			productName = AroundTheMoon;
			productReference = A1B79789216D5519009A460F /* AroundTheMoon.app */;
			productType = "com.apple.product-type.application";
		};
		A1B7979C216D551C009A460F /* AroundTheMoonTests */ = {
			isa = PBXNativeTarget;
			buildConfigurationList = A1B797B4216D551C009A460F /* Build configuration list for PBXNativeTarget "AroundTheMoonTests" */;
			buildPhases = (
				A1B79799216D551C009A460F /* Sources */,
				A1B7979A216D551C009A460F /* Frameworks */,
				A1B7979B216D551C009A460F /* Resources */,
			);
			buildRules = (
			);
			dependencies = (
				A1B7979F216D551C009A460F /* PBXTargetDependency */,
			);
			name = AroundTheMoonTests;
			productName = AroundTheMoonTests;
			productReference = A1B7979D216D551C009A460F /* AroundTheMoonTests.xctest */;
			productType = "com.apple.product-type.bundle.unit-test";
		};
		A1B797A7216D551C009A460F /* AroundTheMoonUITests */ = {
			isa = PBXNativeTarget;
			buildConfigurationList = A1B797B7216D551C009A460F /* Build configuration list for PBXNativeTarget "AroundTheMoonUITests" */;
			buildPhases = (
				A1B797A4216D551C009A460F /* Sources */,
				A1B797A5216D551C009A460F /* Frameworks */,
				A1B797A6216D551C009A460F /* Resources */,
			);
			buildRules = (
			);
			dependencies = (
				A1B797AA216D551C009A460F /* PBXTargetDependency */,
			);
			name = AroundTheMoonUITests;
			productName = AroundTheMoonUITests;
			productReference = A1B797A8216D551C009A460F /* AroundTheMoonUITests.xctest */;
			productType = "com.apple.product-type.bundle.ui-testing";
		};
/* End PBXNativeTarget section */

/* Begin PBXProject section */
		A1B79781216D5519009A460F /* Project object */ = {
			isa = PBXProject;
			attributes = {
				LastSwiftUpdateCheck = 0940;
				LastUpgradeCheck = 0940;
				ORGANIZATIONNAME = "Christina Toldbo";
				TargetAttributes = {
					A1B79788216D5519009A460F = {
						CreatedOnToolsVersion = 9.4.1;
					};
					A1B7979C216D551C009A460F = {
						CreatedOnToolsVersion = 9.4.1;
						TestTargetID = A1B79788216D5519009A460F;
					};
					A1B797A7216D551C009A460F = {
						CreatedOnToolsVersion = 9.4.1;
						TestTargetID = A1B79788216D5519009A460F;
					};
				};
			};
			buildConfigurationList = A1B79784216D5519009A460F /* Build configuration list for PBXProject "AroundTheMoon" */;
			compatibilityVersion = "Xcode 9.3";
			developmentRegion = en;
			hasScannedForEncodings = 0;
			knownRegions = (
				en,
				Base,
			);
			mainGroup = A1B79780216D5519009A460F;
			productRefGroup = A1B7978A216D5519009A460F /* Products */;
			projectDirPath = "";
			projectRoot = "";
			targets = (
				A1B79788216D5519009A460F /* AroundTheMoon */,
				A1B7979C216D551C009A460F /* AroundTheMoonTests */,
				A1B797A7216D551C009A460F /* AroundTheMoonUITests */,
			);
		};
/* End PBXProject section */

/* Begin PBXResourcesBuildPhase section */
		A1B79787216D5519009A460F /* Resources */ = {
			isa = PBXResourcesBuildPhase;
			buildActionMask = 2147483647;
			files = (
				A1B79797216D551B009A460F /* LaunchScreen.storyboard in Resources */,
				A1B79794216D551B009A460F /* Assets.xcassets in Resources */,
				A1B79792216D5519009A460F /* Main.storyboard in Resources */,
			);
			runOnlyForDeploymentPostprocessing = 0;
		};
		A1B7979B216D551C009A460F /* Resources */ = {
			isa = PBXResourcesBuildPhase;
			buildActionMask = 2147483647;
			files = (
			);
			runOnlyForDeploymentPostprocessing = 0;
		};
		A1B797A6216D551C009A460F /* Resources */ = {
			isa = PBXResourcesBuildPhase;
			buildActionMask = 2147483647;
			files = (
			);
			runOnlyForDeploymentPostprocessing = 0;
		};
/* End PBXResourcesBuildPhase section */

/* Begin PBXSourcesBuildPhase section */
		A1B79785216D5519009A460F /* Sources */ = {
			isa = PBXSourcesBuildPhase;
			buildActionMask = 2147483647;
			files = (
				A1B7978F216D5519009A460F /* ViewController.swift in Sources */,
				A1B797BB216D5FA9009A460F /* TableViewController.swift in Sources */,
				A1B7978D216D5519009A460F /* AppDelegate.swift in Sources */,
			);
			runOnlyForDeploymentPostprocessing = 0;
		};
		A1B79799216D551C009A460F /* Sources */ = {
			isa = PBXSourcesBuildPhase;
			buildActionMask = 2147483647;
			files = (
				A1B797A2216D551C009A460F /* AroundTheMoonTests.swift in Sources */,
			);
			runOnlyForDeploymentPostprocessing = 0;
		};
		A1B797A4216D551C009A460F /* Sources */ = {
			isa = PBXSourcesBuildPhase;
			buildActionMask = 2147483647;
			files = (
				A1B797AD216D551C009A460F /* AroundTheMoonUITests.swift in Sources */,
			);
			runOnlyForDeploymentPostprocessing = 0;
		};
/* End PBXSourcesBuildPhase section */

/* Begin PBXTargetDependency section */
		A1B7979F216D551C009A460F /* PBXTargetDependency */ = {
			isa = PBXTargetDependency;
			target = A1B79788216D5519009A460F /* AroundTheMoon */;
			targetProxy = A1B7979E216D551C009A460F /* PBXContainerItemProxy */;
		};
		A1B797AA216D551C009A460F /* PBXTargetDependency */ = {
			isa = PBXTargetDependency;
			target = A1B79788216D5519009A460F /* AroundTheMoon */;
			targetProxy = A1B797A9216D551C009A460F /* PBXContainerItemProxy */;
		};
/* End PBXTargetDependency section */

/* Begin PBXVariantGroup section */
		A1B79790216D5519009A460F /* Main.storyboard */ = {
			isa = PBXVariantGroup;
			children = (
				A1B79791216D5519009A460F /* Base */,
			);
			name = Main.storyboard;
			sourceTree = "<group>";
		};
		A1B79795216D551B009A460F /* LaunchScreen.storyboard */ = {
			isa = PBXVariantGroup;
			children = (
				A1B79796216D551B009A460F /* Base */,
			);
			name = LaunchScreen.storyboard;
			sourceTree = "<group>";
		};
/* End PBXVariantGroup section */

/* Begin XCBuildConfiguration section */
		A1B797AF216D551C009A460F /* Debug */ = {
			isa = XCBuildConfiguration;
			buildSettings = {
				ALWAYS_SEARCH_USER_PATHS = NO;
				CLANG_ANALYZER_NONNULL = YES;
				CLANG_ANALYZER_NUMBER_OBJECT_CONVERSION = YES_AGGRESSIVE;
				CLANG_CXX_LANGUAGE_STANDARD = "gnu++14";
				CLANG_CXX_LIBRARY = "libc++";
				CLANG_ENABLE_MODULES = YES;
				CLANG_ENABLE_OBJC_ARC = YES;
				CLANG_ENABLE_OBJC_WEAK = YES;
				CLANG_WARN_BLOCK_CAPTURE_AUTORELEASING = YES;
				CLANG_WARN_BOOL_CONVERSION = YES;
				CLANG_WARN_COMMA = YES;
				CLANG_WARN_CONSTANT_CONVERSION = YES;
				CLANG_WARN_DEPRECATED_OBJC_IMPLEMENTATIONS = YES;
				CLANG_WARN_DIRECT_OBJC_ISA_USAGE = YES_ERROR;
				CLANG_WARN_DOCUMENTATION_COMMENTS = YES;
				CLANG_WARN_EMPTY_BODY = YES;
				CLANG_WARN_ENUM_CONVERSION = YES;
				CLANG_WARN_INFINITE_RECURSION = YES;
				CLANG_WARN_INT_CONVERSION = YES;
				CLANG_WARN_NON_LITERAL_NULL_CONVERSION = YES;
				CLANG_WARN_OBJC_IMPLICIT_RETAIN_SELF = YES;
				CLANG_WARN_OBJC_LITERAL_CONVERSION = YES;
				CLANG_WARN_OBJC_ROOT_CLASS = YES_ERROR;
				CLANG_WARN_RANGE_LOOP_ANALYSIS = YES;
				CLANG_WARN_STRICT_PROTOTYPES = YES;
				CLANG_WARN_SUSPICIOUS_MOVE = YES;
				CLANG_WARN_UNGUARDED_AVAILABILITY = YES_AGGRESSIVE;
				CLANG_WARN_UNREACHABLE_CODE = YES;
				CLANG_WARN__DUPLICATE_METHOD_MATCH = YES;
				CODE_SIGN_IDENTITY = "iPhone Developer";
				COPY_PHASE_STRIP = NO;
				DEBUG_INFORMATION_FORMAT = dwarf;
				ENABLE_STRICT_OBJC_MSGSEND = YES;
				ENABLE_TESTABILITY = YES;
				GCC_C_LANGUAGE_STANDARD = gnu11;
				GCC_DYNAMIC_NO_PIC = NO;
				GCC_NO_COMMON_BLOCKS = YES;
				GCC_OPTIMIZATION_LEVEL = 0;
				GCC_PREPROCESSOR_DEFINITIONS = (
					"DEBUG=1",
					"$(inherited)",
				);
				GCC_WARN_64_TO_32_BIT_CONVERSION = YES;
				GCC_WARN_ABOUT_RETURN_TYPE = YES_ERROR;
				GCC_WARN_UNDECLARED_SELECTOR = YES;
				GCC_WARN_UNINITIALIZED_AUTOS = YES_AGGRESSIVE;
				GCC_WARN_UNUSED_FUNCTION = YES;
				GCC_WARN_UNUSED_VARIABLE = YES;
				IPHONEOS_DEPLOYMENT_TARGET = 11.4;
				MTL_ENABLE_DEBUG_INFO = YES;
				ONLY_ACTIVE_ARCH = YES;
				SDKROOT = iphoneos;
				SWIFT_ACTIVE_COMPILATION_CONDITIONS = DEBUG;
				SWIFT_OPTIMIZATION_LEVEL = "-Onone";
			};
			name = Debug;
		};
		A1B797B0216D551C009A460F /* Release */ = {
			isa = XCBuildConfiguration;
			buildSettings = {
				ALWAYS_SEARCH_USER_PATHS = NO;
				CLANG_ANALYZER_NONNULL = YES;
				CLANG_ANALYZER_NUMBER_OBJECT_CONVERSION = YES_AGGRESSIVE;
				CLANG_CXX_LANGUAGE_STANDARD = "gnu++14";
				CLANG_CXX_LIBRARY = "libc++";
				CLANG_ENABLE_MODULES = YES;
				CLANG_ENABLE_OBJC_ARC = YES;
				CLANG_ENABLE_OBJC_WEAK = YES;
				CLANG_WARN_BLOCK_CAPTURE_AUTORELEASING = YES;
				CLANG_WARN_BOOL_CONVERSION = YES;
				CLANG_WARN_COMMA = YES;
				CLANG_WARN_CONSTANT_CONVERSION = YES;
				CLANG_WARN_DEPRECATED_OBJC_IMPLEMENTATIONS = YES;
				CLANG_WARN_DIRECT_OBJC_ISA_USAGE = YES_ERROR;
				CLANG_WARN_DOCUMENTATION_COMMENTS = YES;
				CLANG_WARN_EMPTY_BODY = YES;
				CLANG_WARN_ENUM_CONVERSION = YES;
				CLANG_WARN_INFINITE_RECURSION = YES;
				CLANG_WARN_INT_CONVERSION = YES;
				CLANG_WARN_NON_LITERAL_NULL_CONVERSION = YES;
				CLANG_WARN_OBJC_IMPLICIT_RETAIN_SELF = YES;
				CLANG_WARN_OBJC_LITERAL_CONVERSION = YES;
				CLANG_WARN_OBJC_ROOT_CLASS = YES_ERROR;
				CLANG_WARN_RANGE_LOOP_ANALYSIS = YES;
				CLANG_WARN_STRICT_PROTOTYPES = YES;
				CLANG_WARN_SUSPICIOUS_MOVE = YES;
				CLANG_WARN_UNGUARDED_AVAILABILITY = YES_AGGRESSIVE;
				CLANG_WARN_UNREACHABLE_CODE = YES;
				CLANG_WARN__DUPLICATE_METHOD_MATCH = YES;
				CODE_SIGN_IDENTITY = "iPhone Developer";
				COPY_PHASE_STRIP = NO;
				DEBUG_INFORMATION_FORMAT = "dwarf-with-dsym";
				ENABLE_NS_ASSERTIONS = NO;
				ENABLE_STRICT_OBJC_MSGSEND = YES;
				GCC_C_LANGUAGE_STANDARD = gnu11;
				GCC_NO_COMMON_BLOCKS = YES;
				GCC_WARN_64_TO_32_BIT_CONVERSION = YES;
				GCC_WARN_ABOUT_RETURN_TYPE = YES_ERROR;
				GCC_WARN_UNDECLARED_SELECTOR = YES;
				GCC_WARN_UNINITIALIZED_AUTOS = YES_AGGRESSIVE;
				GCC_WARN_UNUSED_FUNCTION = YES;
				GCC_WARN_UNUSED_VARIABLE = YES;
				IPHONEOS_DEPLOYMENT_TARGET = 11.4;
				MTL_ENABLE_DEBUG_INFO = NO;
				SDKROOT = iphoneos;
				SWIFT_COMPILATION_MODE = wholemodule;
				SWIFT_OPTIMIZATION_LEVEL = "-O";
				VALIDATE_PRODUCT = YES;
			};
			name = Release;
		};
		A1B797B2216D551C009A460F /* Debug */ = {
			isa = XCBuildConfiguration;
			buildSettings = {
				ASSETCATALOG_COMPILER_APPICON_NAME = AppIcon;
				CODE_SIGN_STYLE = Automatic;
				DEVELOPMENT_TEAM = W683248J82;
				INFOPLIST_FILE = AroundTheMoon/Info.plist;
				LD_RUNPATH_SEARCH_PATHS = (
					"$(inherited)",
					"@executable_path/Frameworks",
				);
				PRODUCT_BUNDLE_IDENTIFIER = toldbo.AroundTheMoon;
				PRODUCT_NAME = "$(TARGET_NAME)";
				SWIFT_VERSION = 4.0;
				TARGETED_DEVICE_FAMILY = "1,2";
			};
			name = Debug;
		};
		A1B797B3216D551C009A460F /* Release */ = {
			isa = XCBuildConfiguration;
			buildSettings = {
				ASSETCATALOG_COMPILER_APPICON_NAME = AppIcon;
				CODE_SIGN_STYLE = Automatic;
				DEVELOPMENT_TEAM = W683248J82;
				INFOPLIST_FILE = AroundTheMoon/Info.plist;
				LD_RUNPATH_SEARCH_PATHS = (
					"$(inherited)",
					"@executable_path/Frameworks",
				);
				PRODUCT_BUNDLE_IDENTIFIER = toldbo.AroundTheMoon;
				PRODUCT_NAME = "$(TARGET_NAME)";
				SWIFT_VERSION = 4.0;
				TARGETED_DEVICE_FAMILY = "1,2";
			};
			name = Release;
		};
		A1B797B5216D551C009A460F /* Debug */ = {
			isa = XCBuildConfiguration;
			buildSettings = {
				ALWAYS_EMBED_SWIFT_STANDARD_LIBRARIES = YES;
				BUNDLE_LOADER = "$(TEST_HOST)";
				CODE_SIGN_STYLE = Automatic;
				INFOPLIST_FILE = AroundTheMoonTests/Info.plist;
				LD_RUNPATH_SEARCH_PATHS = (
					"$(inherited)",
					"@executable_path/Frameworks",
					"@loader_path/Frameworks",
				);
				PRODUCT_BUNDLE_IDENTIFIER = toldbo.AroundTheMoonTests;
				PRODUCT_NAME = "$(TARGET_NAME)";
				SWIFT_VERSION = 4.0;
				TARGETED_DEVICE_FAMILY = "1,2";
				TEST_HOST = "$(BUILT_PRODUCTS_DIR)/AroundTheMoon.app/AroundTheMoon";
			};
			name = Debug;
		};
		A1B797B6216D551C009A460F /* Release */ = {
			isa = XCBuildConfiguration;
			buildSettings = {
				ALWAYS_EMBED_SWIFT_STANDARD_LIBRARIES = YES;
				BUNDLE_LOADER = "$(TEST_HOST)";
				CODE_SIGN_STYLE = Automatic;
				INFOPLIST_FILE = AroundTheMoonTests/Info.plist;
				LD_RUNPATH_SEARCH_PATHS = (
					"$(inherited)",
					"@executable_path/Frameworks",
					"@loader_path/Frameworks",
				);
				PRODUCT_BUNDLE_IDENTIFIER = toldbo.AroundTheMoonTests;
				PRODUCT_NAME = "$(TARGET_NAME)";
				SWIFT_VERSION = 4.0;
				TARGETED_DEVICE_FAMILY = "1,2";
				TEST_HOST = "$(BUILT_PRODUCTS_DIR)/AroundTheMoon.app/AroundTheMoon";
			};
			name = Release;
		};
		A1B797B8216D551C009A460F /* Debug */ = {
			isa = XCBuildConfiguration;
			buildSettings = {
				ALWAYS_EMBED_SWIFT_STANDARD_LIBRARIES = YES;
				CODE_SIGN_STYLE = Automatic;
				INFOPLIST_FILE = AroundTheMoonUITests/Info.plist;
				LD_RUNPATH_SEARCH_PATHS = (
					"$(inherited)",
					"@executable_path/Frameworks",
					"@loader_path/Frameworks",
				);
				PRODUCT_BUNDLE_IDENTIFIER = toldbo.AroundTheMoonUITests;
				PRODUCT_NAME = "$(TARGET_NAME)";
				SWIFT_VERSION = 4.0;
				TARGETED_DEVICE_FAMILY = "1,2";
				TEST_TARGET_NAME = AroundTheMoon;
			};
			name = Debug;
		};
		A1B797B9216D551C009A460F /* Release */ = {
			isa = XCBuildConfiguration;
			buildSettings = {
				ALWAYS_EMBED_SWIFT_STANDARD_LIBRARIES = YES;
				CODE_SIGN_STYLE = Automatic;
				INFOPLIST_FILE = AroundTheMoonUITests/Info.plist;
				LD_RUNPATH_SEARCH_PATHS = (
					"$(inherited)",
					"@executable_path/Frameworks",
					"@loader_path/Frameworks",
				);
				PRODUCT_BUNDLE_IDENTIFIER = toldbo.AroundTheMoonUITests;
				PRODUCT_NAME = "$(TARGET_NAME)";
				SWIFT_VERSION = 4.0;
				TARGETED_DEVICE_FAMILY = "1,2";
				TEST_TARGET_NAME = AroundTheMoon;
			};
			name = Release;
		};
/* End XCBuildConfiguration section */

/* Begin XCConfigurationList section */
		A1B79784216D5519009A460F /* Build configuration list for PBXProject "AroundTheMoon" */ = {
			isa = XCConfigurationList;
			buildConfigurations = (
				A1B797AF216D551C009A460F /* Debug */,
				A1B797B0216D551C009A460F /* Release */,
			);
			defaultConfigurationIsVisible = 0;
			defaultConfigurationName = Release;
		};
		A1B797B1216D551C009A460F /* Build configuration list for PBXNativeTarget "AroundTheMoon" */ = {
			isa = XCConfigurationList;
			buildConfigurations = (
				A1B797B2216D551C009A460F /* Debug */,
				A1B797B3216D551C009A460F /* Release */,
			);
			defaultConfigurationIsVisible = 0;
			defaultConfigurationName = Release;
		};
		A1B797B4216D551C009A460F /* Build configuration list for PBXNativeTarget "AroundTheMoonTests" */ = {
			isa = XCConfigurationList;
			buildConfigurations = (
				A1B797B5216D551C009A460F /* Debug */,
				A1B797B6216D551C009A460F /* Release */,
			);
			defaultConfigurationIsVisible = 0;
			defaultConfigurationName = Release;
		};
		A1B797B7216D551C009A460F /* Build configuration list for PBXNativeTarget "AroundTheMoonUITests" */ = {
			isa = XCConfigurationList;
			buildConfigurations = (
				A1B797B8216D551C009A460F /* Debug */,
				A1B797B9216D551C009A460F /* Release */,
			);
			defaultConfigurationIsVisible = 0;
			defaultConfigurationName = Release;
		};
/* End XCConfigurationList section */
	};
	rootObject = A1B79781216D5519009A460F /* Project object */;
}
